
Microsoft Visual Studio Solution File, Format Version 12.00
# Visual Studio Version 16
VisualStudioVersion = 16.0.29123.88
MinimumVisualStudioVersion = 10.0.40219.1
Project("{FAE04EC0-301F-11D3-BF4B-00C04F79EFBC}") = "PRTS.App", "PRTS.App\PRTS.App.csproj", "{18F62D17-7721-4DF3-8C93-AA3BD051A453}"
EndProject
Global
	GlobalSection(SolutionConfigurationPlatforms) = preSolution
		Debug|Any CPU = Debug|Any CPU
		Release|Any CPU = Release|Any CPU
	EndGlobalSection
	GlobalSection(ProjectConfigurationPlatforms) = postSolution
		{18F62D17-7721-4DF3-8C93-AA3BD051A453}.Debug|Any CPU.ActiveCfg = Debug|Any CPU
		{18F62D17-7721-4DF3-8C93-AA3BD051A453}.Debug|Any CPU.Build.0 = Debug|Any CPU
		{18F62D17-7721-4DF3-8C93-AA3BD051A453}.Release|Any CPU.ActiveCfg = Release|Any CPU
		{18F62D17-7721-4DF3-8C93-AA3BD051A453}.Release|Any CPU.Build.0 = Release|Any CPU
	EndGlobalSection
	GlobalSection(SolutionProperties) = preSolution
		HideSolutionNode = FALSE
	EndGlobalSection
	GlobalSection(ExtensibilityGlobals) = postSolution
		SolutionGuid = {04462A94-AC4F-4162-A9C8-4834C568A643}
	EndGlobalSection
EndGlobal
